<?xml version="1.0" encoding="utf-8"?>
<Project ToolsVersion="4.0" xmlns="http://schemas.microsoft.com/developer/msbuild/2003">
  <ItemGroup>
    <Filter Include="Source Files">
      <UniqueIdentifier>{4FC737F1-C7A5-4376-A066-2A32D752A2FF}</UniqueIdentifier>
      <Extensions>cpp;c;cc;cxx;def;odl;idl;hpj;bat;asm;asmx</Extensions>
    </Filter>
    <Filter Include="Header Files">
      <UniqueIdentifier>{93995380-89BD-4b04-88EB-625FBE52EBFB}</UniqueIdentifier>
      <Extensions>h;hh;hpp;hxx;hm;inl;inc;xsd</Extensions>
    </Filter>
    <Filter Include="Resource Files">
      <UniqueIdentifier>{67DA6AB6-F800-4c08-8B7A-83BB121AAD01}</UniqueIdentifier>
      <Extensions>rc;ico;cur;bmp;dlg;rc2;rct;bin;rgs;gif;jpg;jpeg;jpe;resx;tiff;tif;png;wav;mfcribbon-ms</Extensions>
    </Filter>
    <Filter Include="src">
      <UniqueIdentifier>{38e61c86-97d8-41ab-8c85-28fd243f1fa6}</UniqueIdentifier>
    </Filter>
    <Filter Include="utility files">
      <UniqueIdentifier>{92da866d-6c32-423a-9927-a2b94bdcfb83}</UniqueIdentifier>
    </Filter>
    <Filter Include="interrput">
      <UniqueIdentifier>{5c62add0-9b8e-4e08-b932-028efe971131}</UniqueIdentifier>
    </Filter>
  </ItemGroup>
  <ItemGroup>
    <ClCompile Include="main.cpp">
      <Filter>Source Files</Filter>
    </ClCompile>
    <ClCompile Include="..\src\acllib.cpp">
      <Filter>src</Filter>
    </ClCompile>
    <ClCompile Include="solid_object.cpp">
      <Filter>Resource Files</Filter>
    </ClCompile>
    <ClCompile Include="wall_map.cpp">
      <Filter>Resource Files</Filter>
    </ClCompile>
    <ClCompile Include="tank.cpp">
      <Filter>Resource Files</Filter>
    </ClCompile>
    <ClCompile Include="key_interrupt.cpp">
      <Filter>interrput</Filter>
    </ClCompile>
    <ClCompile Include="global_param.cpp">
      <Filter>utility files</Filter>
    </ClCompile>
  </ItemGroup>
  <ItemGroup>
    <ClInclude Include="..\src\acllib.h">
      <Filter>src</Filter>
    </ClInclude>
    <ClInclude Include="solid_object.h">
      <Filter>Header Files</Filter>
    </ClInclude>
    <ClInclude Include="wall_map.h">
      <Filter>Header Files</Filter>
    </ClInclude>
    <ClInclude Include="tank.h">
      <Filter>Header Files</Filter>
    </ClInclude>
    <ClInclude Include="key_interrupt.h">
      <Filter>interrput</Filter>
    </ClInclude>
    <ClInclude Include="global_param.h">
      <Filter>utility files</Filter>
    </ClInclude>
  </ItemGroup>
</Project>